
Microsoft Visual Studio Solution File, Format Version 12.00
# Visual Studio 15
VisualStudioVersion = 15.0.27428.2027
MinimumVisualStudioVersion = 10.0.40219.1
Project("{2150E333-8FDC-42A3-9474-1A3956D46DE8}") = "src", "src", "{97F6D225-1B57-4EF6-8DE7-2016696FDCE7}"
EndProject
Project("{FAE04EC0-301F-11D3-BF4B-00C04F79EFBC}") = "LibTests", "src\LibTests\LibTests.csproj", "{61796DF7-F25F-4EA3-8872-0255B64CEFC6}"
EndProject
Global
	GlobalSection(SolutionConfigurationPlatforms) = preSolution
		Debug|Any CPU = Debug|Any CPU
		Release|Any CPU = Release|Any CPU
	EndGlobalSection
	GlobalSection(ProjectConfigurationPlatforms) = postSolution
		{61796DF7-F25F-4EA3-8872-0255B64CEFC6}.Debug|Any CPU.ActiveCfg = Debug|Any CPU
		{61796DF7-F25F-4EA3-8872-0255B64CEFC6}.Debug|Any CPU.Build.0 = Debug|Any CPU
		{61796DF7-F25F-4EA3-8872-0255B64CEFC6}.Release|Any CPU.ActiveCfg = Release|Any CPU
		{61796DF7-F25F-4EA3-8872-0255B64CEFC6}.Release|Any CPU.Build.0 = Release|Any CPU
	EndGlobalSection
	GlobalSection(SolutionProperties) = preSolution
		HideSolutionNode = FALSE
	EndGlobalSection
	GlobalSection(NestedProjects) = preSolution
		{61796DF7-F25F-4EA3-8872-0255B64CEFC6} = {97F6D225-1B57-4EF6-8DE7-2016696FDCE7}
	EndGlobalSection
	GlobalSection(ExtensibilityGlobals) = postSolution
		SolutionGuid = {1C2DA569-1691-43C5-9D69-D78141684368}
	EndGlobalSection
EndGlobal
